
Microsoft Visual Studio Solution File, Format Version 12.00
# Visual Studio Version 17
VisualStudioVersion = 17.14.36414.22
MinimumVisualStudioVersion = 10.0.40219.1
Project("{FAE04EC0-301F-11D3-BF4B-00C04F79EFBC}") = "TodoAPI", "WebApplication1\TodoAPI.csproj", "{F265D694-B09A-4B0E-B241-AB95EA6BD480}"
EndProject
Global
	GlobalSection(SolutionConfigurationPlatforms) = preSolution
		Debug|Any CPU = Debug|Any CPU
		Release|Any CPU = Release|Any CPU
	EndGlobalSection
	GlobalSection(ProjectConfigurationPlatforms) = postSolution
		{F265D694-B09A-4B0E-B241-AB95EA6BD480}.Debug|Any CPU.ActiveCfg = Debug|Any CPU
		{F265D694-B09A-4B0E-B241-AB95EA6BD480}.Debug|Any CPU.Build.0 = Debug|Any CPU
		{F265D694-B09A-4B0E-B241-AB95EA6BD480}.Release|Any CPU.ActiveCfg = Release|Any CPU
		{F265D694-B09A-4B0E-B241-AB95EA6BD480}.Release|Any CPU.Build.0 = Release|Any CPU
	EndGlobalSection
	GlobalSection(SolutionProperties) = preSolution
		HideSolutionNode = FALSE
	EndGlobalSection
	GlobalSection(ExtensibilityGlobals) = postSolution
		SolutionGuid = {119D3867-A7BF-4BBB-BDA0-CD74E29F6F3D}
	EndGlobalSection
EndGlobal
